// !$*UTF8*$!
{
	archiveVersion = 1;
	classes = {
	};
	objectVersion = 55;
	objects = {

/* Begin PBXBuildFile section */
		C24108D42813BFD7001E9C74 /* asperi.swift in Sources */ = {isa = PBXBuildFile; fileRef = C24108D32813BFD7001E9C74 /* asperi.swift */; };
		C2777F8A282472290032429A /* audioSettings.swift in Sources */ = {isa = PBXBuildFile; fileRef = C2777F89282472290032429A /* audioSettings.swift */; };
		C2777F8C282473080032429A /* localAudio.swift in Sources */ = {isa = PBXBuildFile; fileRef = C2777F8B282473080032429A /* localAudio.swift */; };
		C2777F8E2824F7020032429A /* asmrTrack.swift in Sources */ = {isa = PBXBuildFile; fileRef = C2777F8D2824F7020032429A /* asmrTrack.swift */; };
		C2980BC728266743000F91CE /* bgmTrack.swift in Sources */ = {isa = PBXBuildFile; fileRef = C2980BC628266743000F91CE /* bgmTrack.swift */; };
		C2980BC928266A3F000F91CE /* loadBgm.swift in Sources */ = {isa = PBXBuildFile; fileRef = C2980BC828266A3F000F91CE /* loadBgm.swift */; };
		C2980BCE28267E3D000F91CE /* libswiftWebKit.tbd in Frameworks */ = {isa = PBXBuildFile; fileRef = C2980BCD28267E3D000F91CE /* libswiftWebKit.tbd */; };
		C2980BD028267E81000F91CE /* test.swift in Sources */ = {isa = PBXBuildFile; fileRef = C2980BCF28267E81000F91CE /* test.swift */; };
		C2AAFEE52820CE9B00BBBB7D /* loadAsmr.swift in Sources */ = {isa = PBXBuildFile; fileRef = C2AAFEE42820CE9B00BBBB7D /* loadAsmr.swift */; };
		C2AED0EB2807B8F7003E437D /* asmrBGMApp.swift in Sources */ = {isa = PBXBuildFile; fileRef = C2AED0EA2807B8F7003E437D /* asmrBGMApp.swift */; };
		C2AED0ED2807B8F7003E437D /* ContentView.swift in Sources */ = {isa = PBXBuildFile; fileRef = C2AED0EC2807B8F7003E437D /* ContentView.swift */; };
		C2AED0EF2807B8F9003E437D /* Assets.xcassets in Resources */ = {isa = PBXBuildFile; fileRef = C2AED0EE2807B8F9003E437D /* Assets.xcassets */; };
		C2AED0F22807B8F9003E437D /* Preview Assets.xcassets in Resources */ = {isa = PBXBuildFile; fileRef = C2AED0F12807B8F9003E437D /* Preview Assets.xcassets */; };
		C2CD7A6F280A97A000CCE27E /* sugar.mp3 in Resources */ = {isa = PBXBuildFile; fileRef = C2CD7A6D280A979F00CCE27E /* sugar.mp3 */; };
		C2CD7A70280A97A000CCE27E /* surely_pianuki.mp3 in Resources */ = {isa = PBXBuildFile; fileRef = C2CD7A6E280A97A000CCE27E /* surely_pianuki.mp3 */; };
		C2DCA4A5281E4CEB00CD4DB0 /* toki.mp3 in Resources */ = {isa = PBXBuildFile; fileRef = C2DCA4A4281E4CEB00CD4DB0 /* toki.mp3 */; };
/* End PBXBuildFile section */

/* Begin PBXFileReference section */
		C24108D32813BFD7001E9C74 /* asperi.swift */ = {isa = PBXFileReference; lastKnownFileType = sourcecode.swift; path = asperi.swift; sourceTree = "<group>"; };
		C2777F89282472290032429A /* audioSettings.swift */ = {isa = PBXFileReference; lastKnownFileType = sourcecode.swift; path = audioSettings.swift; sourceTree = "<group>"; };
		C2777F8B282473080032429A /* localAudio.swift */ = {isa = PBXFileReference; lastKnownFileType = sourcecode.swift; path = localAudio.swift; sourceTree = "<group>"; };
		C2777F8D2824F7020032429A /* asmrTrack.swift */ = {isa = PBXFileReference; lastKnownFileType = sourcecode.swift; path = asmrTrack.swift; sourceTree = "<group>"; };
		C2980BC628266743000F91CE /* bgmTrack.swift */ = {isa = PBXFileReference; lastKnownFileType = sourcecode.swift; path = bgmTrack.swift; sourceTree = "<group>"; };
		C2980BC828266A3F000F91CE /* loadBgm.swift */ = {isa = PBXFileReference; lastKnownFileType = sourcecode.swift; path = loadBgm.swift; sourceTree = "<group>"; };
		C2980BCD28267E3D000F91CE /* libswiftWebKit.tbd */ = {isa = PBXFileReference; lastKnownFileType = "sourcecode.text-based-dylib-definition"; name = libswiftWebKit.tbd; path = usr/lib/swift/libswiftWebKit.tbd; sourceTree = SDKROOT; };
		C2980BCF28267E81000F91CE /* test.swift */ = {isa = PBXFileReference; lastKnownFileType = sourcecode.swift; path = test.swift; sourceTree = "<group>"; };
		C2AAFEE42820CE9B00BBBB7D /* loadAsmr.swift */ = {isa = PBXFileReference; lastKnownFileType = sourcecode.swift; path = loadAsmr.swift; sourceTree = "<group>"; };
		C2AED0E72807B8F7003E437D /* asmrBGM.app */ = {isa = PBXFileReference; explicitFileType = wrapper.application; includeInIndex = 0; path = asmrBGM.app; sourceTree = BUILT_PRODUCTS_DIR; };
		C2AED0EA2807B8F7003E437D /* asmrBGMApp.swift */ = {isa = PBXFileReference; lastKnownFileType = sourcecode.swift; path = asmrBGMApp.swift; sourceTree = "<group>"; };
		C2AED0EC2807B8F7003E437D /* ContentView.swift */ = {isa = PBXFileReference; lastKnownFileType = sourcecode.swift; path = ContentView.swift; sourceTree = "<group>"; };
		C2AED0EE2807B8F9003E437D /* Assets.xcassets */ = {isa = PBXFileReference; lastKnownFileType = folder.assetcatalog; path = Assets.xcassets; sourceTree = "<group>"; };
		C2AED0F12807B8F9003E437D /* Preview Assets.xcassets */ = {isa = PBXFileReference; lastKnownFileType = folder.assetcatalog; path = "Preview Assets.xcassets"; sourceTree = "<group>"; };
		C2AED0F82807B95F003E437D /* Info.plist */ = {isa = PBXFileReference; lastKnownFileType = text.plist; path = Info.plist; sourceTree = "<group>"; };
		C2CD7A6D280A979F00CCE27E /* sugar.mp3 */ = {isa = PBXFileReference; lastKnownFileType = audio.mp3; path = sugar.mp3; sourceTree = "<group>"; };
		C2CD7A6E280A97A000CCE27E /* surely_pianuki.mp3 */ = {isa = PBXFileReference; lastKnownFileType = audio.mp3; path = surely_pianuki.mp3; sourceTree = "<group>"; };
		C2DCA4A4281E4CEB00CD4DB0 /* toki.mp3 */ = {isa = PBXFileReference; lastKnownFileType = audio.mp3; path = toki.mp3; sourceTree = "<group>"; };
/* End PBXFileReference section */

/* Begin PBXFrameworksBuildPhase section */
		C2AED0E42807B8F6003E437D /* Frameworks */ = {
			isa = PBXFrameworksBuildPhase;
			buildActionMask = 2147483647;
			files = (
				C2980BCE28267E3D000F91CE /* libswiftWebKit.tbd in Frameworks */,
			);
			runOnlyForDeploymentPostprocessing = 0;
		};
/* End PBXFrameworksBuildPhase section */

/* Begin PBXGroup section */
		C2980BCC28267E3D000F91CE /* Frameworks */ = {
			isa = PBXGroup;
			children = (
				C2980BCD28267E3D000F91CE /* libswiftWebKit.tbd */,
			);
			name = Frameworks;
			sourceTree = "<group>";
		};
		C2AED0DE2807B8F6003E437D = {
			isa = PBXGroup;
			children = (
				C2980BCF28267E81000F91CE /* test.swift */,
				C2AED0E92807B8F7003E437D /* asmrBGM */,
				C2AED0E82807B8F7003E437D /* Products */,
				C2980BCC28267E3D000F91CE /* Frameworks */,
			);
			sourceTree = "<group>";
		};
		C2AED0E82807B8F7003E437D /* Products */ = {
			isa = PBXGroup;
			children = (
				C2AED0E72807B8F7003E437D /* asmrBGM.app */,
			);
			name = Products;
			sourceTree = "<group>";
		};
		C2AED0E92807B8F7003E437D /* asmrBGM */ = {
			isa = PBXGroup;
			children = (
				C2980BC628266743000F91CE /* bgmTrack.swift */,
				C2777F8B282473080032429A /* localAudio.swift */,
				C2AAFEE42820CE9B00BBBB7D /* loadAsmr.swift */,
				C2980BC828266A3F000F91CE /* loadBgm.swift */,
				C2777F8D2824F7020032429A /* asmrTrack.swift */,
				C24108D32813BFD7001E9C74 /* asperi.swift */,
				C2777F89282472290032429A /* audioSettings.swift */,
				C2DCA4A4281E4CEB00CD4DB0 /* toki.mp3 */,
				C2AED0F82807B95F003E437D /* Info.plist */,
				C2AED0EA2807B8F7003E437D /* asmrBGMApp.swift */,
				C2AED0EC2807B8F7003E437D /* ContentView.swift */,
				C2CD7A6D280A979F00CCE27E /* sugar.mp3 */,
				C2CD7A6E280A97A000CCE27E /* surely_pianuki.mp3 */,
				C2AED0EE2807B8F9003E437D /* Assets.xcassets */,
				C2AED0F02807B8F9003E437D /* Preview Content */,
			);
			path = asmrBGM;
			sourceTree = "<group>";
		};
		C2AED0F02807B8F9003E437D /* Preview Content */ = {
			isa = PBXGroup;
			children = (
				C2AED0F12807B8F9003E437D /* Preview Assets.xcassets */,
			);
			path = "Preview Content";
			sourceTree = "<group>";
		};
/* End PBXGroup section */

/* Begin PBXNativeTarget section */
		C2AED0E62807B8F6003E437D /* asmrBGM */ = {
			isa = PBXNativeTarget;
			buildConfigurationList = C2AED0F52807B8F9003E437D /* Build configuration list for PBXNativeTarget "asmrBGM" */;
			buildPhases = (
				C2AED0E32807B8F6003E437D /* Sources */,
				C2AED0E42807B8F6003E437D /* Frameworks */,
				C2AED0E52807B8F6003E437D /* Resources */,
			);
			buildRules = (
			);
			dependencies = (
			);
			name = asmrBGM;
			productName = asmrBGM;
			productReference = C2AED0E72807B8F7003E437D /* asmrBGM.app */;
			productType = "com.apple.product-type.application";
		};
/* End PBXNativeTarget section */

/* Begin PBXProject section */
		C2AED0DF2807B8F6003E437D /* Project object */ = {
			isa = PBXProject;
			attributes = {
				BuildIndependentTargetsInParallel = 1;
				LastSwiftUpdateCheck = 1310;
				LastUpgradeCheck = 1310;
				TargetAttributes = {
					C2AED0E62807B8F6003E437D = {
						CreatedOnToolsVersion = 13.1;
					};
				};
			};
			buildConfigurationList = C2AED0E22807B8F6003E437D /* Build configuration list for PBXProject "asmrBGM" */;
			compatibilityVersion = "Xcode 13.0";
			developmentRegion = en;
			hasScannedForEncodings = 0;
			knownRegions = (
				en,
				Base,
			);
			mainGroup = C2AED0DE2807B8F6003E437D;
			productRefGroup = C2AED0E82807B8F7003E437D /* Products */;
			projectDirPath = "";
			projectRoot = "";
			targets = (
				C2AED0E62807B8F6003E437D /* asmrBGM */,
			);
		};
/* End PBXProject section */

/* Begin PBXResourcesBuildPhase section */
		C2AED0E52807B8F6003E437D /* Resources */ = {
			isa = PBXResourcesBuildPhase;
			buildActionMask = 2147483647;
			files = (
				C2CD7A70280A97A000CCE27E /* surely_pianuki.mp3 in Resources */,
				C2DCA4A5281E4CEB00CD4DB0 /* toki.mp3 in Resources */,
				C2AED0F22807B8F9003E437D /* Preview Assets.xcassets in Resources */,
				C2CD7A6F280A97A000CCE27E /* sugar.mp3 in Resources */,
				C2AED0EF2807B8F9003E437D /* Assets.xcassets in Resources */,
			);
			runOnlyForDeploymentPostprocessing = 0;
		};
/* End PBXResourcesBuildPhase section */

/* Begin PBXSourcesBuildPhase section */
		C2AED0E32807B8F6003E437D /* Sources */ = {
			isa = PBXSourcesBuildPhase;
			buildActionMask = 2147483647;
			files = (
				C2AAFEE52820CE9B00BBBB7D /* loadAsmr.swift in Sources */,
				C2980BC928266A3F000F91CE /* loadBgm.swift in Sources */,
				C24108D42813BFD7001E9C74 /* asperi.swift in Sources */,
				C2980BD028267E81000F91CE /* test.swift in Sources */,
				C2777F8E2824F7020032429A /* asmrTrack.swift in Sources */,
				C2AED0ED2807B8F7003E437D /* ContentView.swift in Sources */,
				C2980BC728266743000F91CE /* bgmTrack.swift in Sources */,
				C2777F8A282472290032429A /* audioSettings.swift in Sources */,
				C2777F8C282473080032429A /* localAudio.swift in Sources */,
				C2AED0EB2807B8F7003E437D /* asmrBGMApp.swift in Sources */,
			);
			runOnlyForDeploymentPostprocessing = 0;
		};
/* End PBXSourcesBuildPhase section */

/* Begin XCBuildConfiguration section */
		C2AED0F32807B8F9003E437D /* Debug */ = {
			isa = XCBuildConfiguration;
			buildSettings = {
				ALWAYS_SEARCH_USER_PATHS = NO;
				CLANG_ANALYZER_NONNULL = YES;
				CLANG_ANALYZER_NUMBER_OBJECT_CONVERSION = YES_AGGRESSIVE;
				CLANG_CXX_LANGUAGE_STANDARD = "gnu++17";
				CLANG_CXX_LIBRARY = "libc++";
				CLANG_ENABLE_MODULES = YES;
				CLANG_ENABLE_OBJC_ARC = YES;
				CLANG_ENABLE_OBJC_WEAK = YES;
				CLANG_WARN_BLOCK_CAPTURE_AUTORELEASING = YES;
				CLANG_WARN_BOOL_CONVERSION = YES;
				CLANG_WARN_COMMA = YES;
				CLANG_WARN_CONSTANT_CONVERSION = YES;
				CLANG_WARN_DEPRECATED_OBJC_IMPLEMENTATIONS = YES;
				CLANG_WARN_DIRECT_OBJC_ISA_USAGE = YES_ERROR;
				CLANG_WARN_DOCUMENTATION_COMMENTS = YES;
				CLANG_WARN_EMPTY_BODY = YES;
				CLANG_WARN_ENUM_CONVERSION = YES;
				CLANG_WARN_INFINITE_RECURSION = YES;
				CLANG_WARN_INT_CONVERSION = YES;
				CLANG_WARN_NON_LITERAL_NULL_CONVERSION = YES;
				CLANG_WARN_OBJC_IMPLICIT_RETAIN_SELF = YES;
				CLANG_WARN_OBJC_LITERAL_CONVERSION = YES;
				CLANG_WARN_OBJC_ROOT_CLASS = YES_ERROR;
				CLANG_WARN_QUOTED_INCLUDE_IN_FRAMEWORK_HEADER = YES;
				CLANG_WARN_RANGE_LOOP_ANALYSIS = YES;
				CLANG_WARN_STRICT_PROTOTYPES = YES;
				CLANG_WARN_SUSPICIOUS_MOVE = YES;
				CLANG_WARN_UNGUARDED_AVAILABILITY = YES_AGGRESSIVE;
				CLANG_WARN_UNREACHABLE_CODE = YES;
				CLANG_WARN__DUPLICATE_METHOD_MATCH = YES;
				COPY_PHASE_STRIP = NO;
				DEBUG_INFORMATION_FORMAT = dwarf;
				ENABLE_STRICT_OBJC_MSGSEND = YES;
				ENABLE_TESTABILITY = YES;
				GCC_C_LANGUAGE_STANDARD = gnu11;
				GCC_DYNAMIC_NO_PIC = NO;
				GCC_NO_COMMON_BLOCKS = YES;
				GCC_OPTIMIZATION_LEVEL = 0;
				GCC_PREPROCESSOR_DEFINITIONS = (
					"DEBUG=1",
					"$(inherited)",
				);
				GCC_WARN_64_TO_32_BIT_CONVERSION = YES;
				GCC_WARN_ABOUT_RETURN_TYPE = YES_ERROR;
				GCC_WARN_UNDECLARED_SELECTOR = YES;
				GCC_WARN_UNINITIALIZED_AUTOS = YES_AGGRESSIVE;
				GCC_WARN_UNUSED_FUNCTION = YES;
				GCC_WARN_UNUSED_VARIABLE = YES;
				IPHONEOS_DEPLOYMENT_TARGET = 15.0;
				MTL_ENABLE_DEBUG_INFO = INCLUDE_SOURCE;
				MTL_FAST_MATH = YES;
				ONLY_ACTIVE_ARCH = YES;
				SDKROOT = iphoneos;
				SWIFT_ACTIVE_COMPILATION_CONDITIONS = DEBUG;
				SWIFT_OPTIMIZATION_LEVEL = "-Onone";
			};
			name = Debug;
		};
		C2AED0F42807B8F9003E437D /* Release */ = {
			isa = XCBuildConfiguration;
			buildSettings = {
				ALWAYS_SEARCH_USER_PATHS = NO;
				CLANG_ANALYZER_NONNULL = YES;
				CLANG_ANALYZER_NUMBER_OBJECT_CONVERSION = YES_AGGRESSIVE;
				CLANG_CXX_LANGUAGE_STANDARD = "gnu++17";
				CLANG_CXX_LIBRARY = "libc++";
				CLANG_ENABLE_MODULES = YES;
				CLANG_ENABLE_OBJC_ARC = YES;
				CLANG_ENABLE_OBJC_WEAK = YES;
				CLANG_WARN_BLOCK_CAPTURE_AUTORELEASING = YES;
				CLANG_WARN_BOOL_CONVERSION = YES;
				CLANG_WARN_COMMA = YES;
				CLANG_WARN_CONSTANT_CONVERSION = YES;
				CLANG_WARN_DEPRECATED_OBJC_IMPLEMENTATIONS = YES;
				CLANG_WARN_DIRECT_OBJC_ISA_USAGE = YES_ERROR;
				CLANG_WARN_DOCUMENTATION_COMMENTS = YES;
				CLANG_WARN_EMPTY_BODY = YES;
				CLANG_WARN_ENUM_CONVERSION = YES;
				CLANG_WARN_INFINITE_RECURSION = YES;
				CLANG_WARN_INT_CONVERSION = YES;
				CLANG_WARN_NON_LITERAL_NULL_CONVERSION = YES;
				CLANG_WARN_OBJC_IMPLICIT_RETAIN_SELF = YES;
				CLANG_WARN_OBJC_LITERAL_CONVERSION = YES;
				CLANG_WARN_OBJC_ROOT_CLASS = YES_ERROR;
				CLANG_WARN_QUOTED_INCLUDE_IN_FRAMEWORK_HEADER = YES;
				CLANG_WARN_RANGE_LOOP_ANALYSIS = YES;
				CLANG_WARN_STRICT_PROTOTYPES = YES;
				CLANG_WARN_SUSPICIOUS_MOVE = YES;
				CLANG_WARN_UNGUARDED_AVAILABILITY = YES_AGGRESSIVE;
				CLANG_WARN_UNREACHABLE_CODE = YES;
				CLANG_WARN__DUPLICATE_METHOD_MATCH = YES;
				COPY_PHASE_STRIP = NO;
				DEBUG_INFORMATION_FORMAT = "dwarf-with-dsym";
				ENABLE_NS_ASSERTIONS = NO;
				ENABLE_STRICT_OBJC_MSGSEND = YES;
				GCC_C_LANGUAGE_STANDARD = gnu11;
				GCC_NO_COMMON_BLOCKS = YES;
				GCC_WARN_64_TO_32_BIT_CONVERSION = YES;
				GCC_WARN_ABOUT_RETURN_TYPE = YES_ERROR;
				GCC_WARN_UNDECLARED_SELECTOR = YES;
				GCC_WARN_UNINITIALIZED_AUTOS = YES_AGGRESSIVE;
				GCC_WARN_UNUSED_FUNCTION = YES;
				GCC_WARN_UNUSED_VARIABLE = YES;
				IPHONEOS_DEPLOYMENT_TARGET = 15.0;
				MTL_ENABLE_DEBUG_INFO = NO;
				MTL_FAST_MATH = YES;
				SDKROOT = iphoneos;
				SWIFT_COMPILATION_MODE = wholemodule;
				SWIFT_OPTIMIZATION_LEVEL = "-O";
				VALIDATE_PRODUCT = YES;
			};
			name = Release;
		};
		C2AED0F62807B8F9003E437D /* Debug */ = {
			isa = XCBuildConfiguration;
			buildSettings = {
				ASSETCATALOG_COMPILER_APPICON_NAME = AppIcon;
				ASSETCATALOG_COMPILER_GLOBAL_ACCENT_COLOR_NAME = AccentColor;
				CODE_SIGN_STYLE = Automatic;
				CURRENT_PROJECT_VERSION = 1;
				DEVELOPMENT_ASSET_PATHS = "\"asmrBGM/Preview Content\"";
				DEVELOPMENT_TEAM = R972SBY2CS;
				ENABLE_PREVIEWS = YES;
				GENERATE_INFOPLIST_FILE = YES;
				INFOPLIST_FILE = asmrBGM/Info.plist;
				INFOPLIST_KEY_NSAppleMusicUsageDescription = "asmrBGM plays audio files from the user's local music library.";
				INFOPLIST_KEY_UIApplicationSceneManifest_Generation = YES;
				INFOPLIST_KEY_UIApplicationSupportsIndirectInputEvents = YES;
				INFOPLIST_KEY_UILaunchScreen_Generation = YES;
				INFOPLIST_KEY_UISupportedInterfaceOrientations_iPad = "UIInterfaceOrientationPortrait UIInterfaceOrientationPortraitUpsideDown UIInterfaceOrientationLandscapeLeft UIInterfaceOrientationLandscapeRight";
				INFOPLIST_KEY_UISupportedInterfaceOrientations_iPhone = "UIInterfaceOrientationPortrait UIInterfaceOrientationLandscapeLeft UIInterfaceOrientationLandscapeRight";
				IPHONEOS_DEPLOYMENT_TARGET = 14.2;
				LD_RUNPATH_SEARCH_PATHS = (
					"$(inherited)",
					"@executable_path/Frameworks",
				);
				LIBRARY_SEARCH_PATHS = (
					"$(inherited)",
					"$(SDKROOT)/usr/lib/swift",
				);
				MARKETING_VERSION = 1.0;
				PRODUCT_BUNDLE_IDENTIFIER = nathankchow.asmrBGM2022;
				PRODUCT_NAME = "$(TARGET_NAME)";
				SWIFT_EMIT_LOC_STRINGS = YES;
				SWIFT_VERSION = 5.0;
				TARGETED_DEVICE_FAMILY = "1,2";
			};
			name = Debug;
		};
		C2AED0F72807B8F9003E437D /* Release */ = {
			isa = XCBuildConfiguration;
			buildSettings = {
				ASSETCATALOG_COMPILER_APPICON_NAME = AppIcon;
				ASSETCATALOG_COMPILER_GLOBAL_ACCENT_COLOR_NAME = AccentColor;
				CODE_SIGN_STYLE = Automatic;
				CURRENT_PROJECT_VERSION = 1;
				DEVELOPMENT_ASSET_PATHS = "\"asmrBGM/Preview Content\"";
				DEVELOPMENT_TEAM = R972SBY2CS;
				ENABLE_PREVIEWS = YES;
				GENERATE_INFOPLIST_FILE = YES;
				INFOPLIST_FILE = asmrBGM/Info.plist;
				INFOPLIST_KEY_NSAppleMusicUsageDescription = "asmrBGM plays audio files from the user's local music library.";
				INFOPLIST_KEY_UIApplicationSceneManifest_Generation = YES;
				INFOPLIST_KEY_UIApplicationSupportsIndirectInputEvents = YES;
				INFOPLIST_KEY_UILaunchScreen_Generation = YES;
				INFOPLIST_KEY_UISupportedInterfaceOrientations_iPad = "UIInterfaceOrientationPortrait UIInterfaceOrientationPortraitUpsideDown UIInterfaceOrientationLandscapeLeft UIInterfaceOrientationLandscapeRight";
				INFOPLIST_KEY_UISupportedInterfaceOrientations_iPhone = "UIInterfaceOrientationPortrait UIInterfaceOrientationLandscapeLeft UIInterfaceOrientationLandscapeRight";
				IPHONEOS_DEPLOYMENT_TARGET = 14.2;
				LD_RUNPATH_SEARCH_PATHS = (
					"$(inherited)",
					"@executable_path/Frameworks",
				);
				LIBRARY_SEARCH_PATHS = (
					"$(inherited)",
					"$(SDKROOT)/usr/lib/swift",
				);
				MARKETING_VERSION = 1.0;
				PRODUCT_BUNDLE_IDENTIFIER = nathankchow.asmrBGM2022;
				PRODUCT_NAME = "$(TARGET_NAME)";
				SWIFT_EMIT_LOC_STRINGS = YES;
				SWIFT_VERSION = 5.0;
				TARGETED_DEVICE_FAMILY = "1,2";
			};
			name = Release;
		};
/* End XCBuildConfiguration section */

/* Begin XCConfigurationList section */
		C2AED0E22807B8F6003E437D /* Build configuration list for PBXProject "asmrBGM" */ = {
			isa = XCConfigurationList;
			buildConfigurations = (
				C2AED0F32807B8F9003E437D /* Debug */,
				C2AED0F42807B8F9003E437D /* Release */,
			);
			defaultConfigurationIsVisible = 0;
			defaultConfigurationName = Release;
		};
		C2AED0F52807B8F9003E437D /* Build configuration list for PBXNativeTarget "asmrBGM" */ = {
			isa = XCConfigurationList;
			buildConfigurations = (
				C2AED0F62807B8F9003E437D /* Debug */,
				C2AED0F72807B8F9003E437D /* Release */,
			);
			defaultConfigurationIsVisible = 0;
			defaultConfigurationName = Release;
		};
/* End XCConfigurationList section */
	};
	rootObject = C2AED0DF2807B8F6003E437D /* Project object */;
}
